lockfileVersion: '9.0'

settings:
  autoInstallPeers: true
  excludeLinksFromLockfile: false

importers:

  .:
    dependencies:
      '@solana/codecs':
        specifier: ^5.0.0
        version: 5.0.0(fastestsmallesttextencoderdecoder@1.0.22)(typescript@5.9.3)

packages:

  '@solana/codecs-core@5.0.0':
    resolution: {integrity: sha512-rCG2d8OaamVF2/J//YyCgDqNJpUytVVltw9C8mJtEz5c6Se/LR6BFuG8g4xeJswq/ab4RFk5/HFdgbvNjKgQjA==}
    engines: {node: '>=20.18.0'}
    peerDependencies:
      typescript: '>=5.3.3'

  '@solana/codecs-data-structures@5.0.0':
    resolution: {integrity: sha512-y503Pqmv0LHcfcf0vQJGaxDvydQJbyCo8nK3nxn56EhFj5lBQ1NWb3WvTd83epigwuZurW2MhJARrpikfhQglQ==}
    engines: {node: '>=20.18.0'}
    peerDependencies:
      typescript: '>=5.3.3'

  '@solana/codecs-numbers@5.0.0':
    resolution: {integrity: sha512-a2+skRLuUK02f/XFe4L0e1+wHCyfK25PkyseFps1v1l4pvevukFwth/EhSyrs6w5CsTJRVoR7MuE3E00PM4egw==}
    engines: {node: '>=20.18.0'}
    peerDependencies:
      typescript: '>=5.3.3'

  '@solana/codecs-strings@5.0.0':
    resolution: {integrity: sha512-ALkRwpV8bGR6qjAYw0YXZwp2YI4wzvKOJGmx04Ut8gMdbaUx7qOcJkhEQKI6ZVC3lAWSIS1N1wGccUZDwvfKxw==}
    engines: {node: '>=20.18.0'}
    peerDependencies:
      fastestsmallesttextencoderdecoder: ^1.0.22
      typescript: '>=5.3.3'

  '@solana/codecs@5.0.0':
    resolution: {integrity: sha512-KOw0gFUSBxIMDWLJ3AkVFkEci91dw0Rpx3C6y83Our7fSW+SEP8vRZklCElieYR85LHVB1QIEhoeHR7rc+Ifkw==}
    engines: {node: '>=20.18.0'}
    peerDependencies:
      typescript: '>=5.3.3'

  '@solana/errors@5.0.0':
    resolution: {integrity: sha512-gTuhzO6E+ydfAAzqmqdPcvFyJwAzFKKIrqtnZPpgAuomcPYu+HSo0tuwSM/cTX0djmHt+GoOsf/julph+nvs2w==}
    engines: {node: '>=20.18.0'}
    hasBin: true
    peerDependencies:
      typescript: '>=5.3.3'

  '@solana/options@5.0.0':
    resolution: {integrity: sha512-ezHVBFb9FXVSn8LUVRD2tLb6fejU0x8KtGEYyCYh0J0pQuXSITV0IQCjcEopvu/ZxWdXOJyzjvmymnhz90on5A==}
    engines: {node: '>=20.18.0'}
    peerDependencies:
      typescript: '>=5.3.3'

  chalk@5.6.2:
    resolution: {integrity: sha512-7NzBL0rN6fMUW+f7A6Io4h40qQlG+xGmtMxfbnH/K7TAtt8JQWVQK+6g0UXKMeVJoyV5EkkNsErQ8pVD3bLHbA==}
    engines: {node: ^12.17.0 || ^14.13 || >=16.0.0}

  commander@14.0.1:
    resolution: {integrity: sha512-2JkV3gUZUVrbNA+1sjBOYLsMZ5cEEl8GTFP2a4AVz5hvasAMCQ1D2l2le/cX+pV4N6ZU17zjUahLpIXRrnWL8A==}
    engines: {node: '>=20'}

  fastestsmallesttextencoderdecoder@1.0.22:
    resolution: {integrity: sha512-Pb8d48e+oIuY4MaM64Cd7OW1gt4nxCHs7/ddPPZ/Ic3sg8yVGM7O9wDvZ7us6ScaUupzM+pfBolwtYhN1IxBIw==}

  typescript@5.9.3:
    resolution: {integrity: sha512-jl1vZzPDinLr9eUt3J/t7V6FgNEw9QjvBPdysz9KfQDD41fQrC2Y4vKQdiaUpFT4bXlb1RHhLpp8wtm6M5TgSw==}
    engines: {node: '>=14.17'}
    hasBin: true

snapshots:

  '@solana/codecs-core@5.0.0(typescript@5.9.3)':
    dependencies:
      '@solana/errors': 5.0.0(typescript@5.9.3)
      typescript: 5.9.3

  '@solana/codecs-data-structures@5.0.0(typescript@5.9.3)':
    dependencies:
      '@solana/codecs-core': 5.0.0(typescript@5.9.3)
      '@solana/codecs-numbers': 5.0.0(typescript@5.9.3)
      '@solana/errors': 5.0.0(typescript@5.9.3)
      typescript: 5.9.3

  '@solana/codecs-numbers@5.0.0(typescript@5.9.3)':
    dependencies:
      '@solana/codecs-core': 5.0.0(typescript@5.9.3)
      '@solana/errors': 5.0.0(typescript@5.9.3)
      typescript: 5.9.3

  '@solana/codecs-strings@5.0.0(fastestsmallesttextencoderdecoder@1.0.22)(typescript@5.9.3)':
    dependencies:
      '@solana/codecs-core': 5.0.0(typescript@5.9.3)
      '@solana/codecs-numbers': 5.0.0(typescript@5.9.3)
      '@solana/errors': 5.0.0(typescript@5.9.3)
      fastestsmallesttextencoderdecoder: 1.0.22
      typescript: 5.9.3

  '@solana/codecs@5.0.0(fastestsmallesttextencoderdecoder@1.0.22)(typescript@5.9.3)':
    dependencies:
      '@solana/codecs-core': 5.0.0(typescript@5.9.3)
      '@solana/codecs-data-structures': 5.0.0(typescript@5.9.3)
      '@solana/codecs-numbers': 5.0.0(typescript@5.9.3)
      '@solana/codecs-strings': 5.0.0(fastestsmallesttextencoderdecoder@1.0.22)(typescript@5.9.3)
      '@solana/options': 5.0.0(fastestsmallesttextencoderdecoder@1.0.22)(typescript@5.9.3)
      typescript: 5.9.3
    transitivePeerDependencies:
      - fastestsmallesttextencoderdecoder

  '@solana/errors@5.0.0(typescript@5.9.3)':
    dependencies:
      chalk: 5.6.2
      commander: 14.0.1
      typescript: 5.9.3

  '@solana/options@5.0.0(fastestsmallesttextencoderdecoder@1.0.22)(typescript@5.9.3)':
    dependencies:
      '@solana/codecs-core': 5.0.0(typescript@5.9.3)
      '@solana/codecs-data-structures': 5.0.0(typescript@5.9.3)
      '@solana/codecs-numbers': 5.0.0(typescript@5.9.3)
      '@solana/codecs-strings': 5.0.0(fastestsmallesttextencoderdecoder@1.0.22)(typescript@5.9.3)
      '@solana/errors': 5.0.0(typescript@5.9.3)
      typescript: 5.9.3
    transitivePeerDependencies:
      - fastestsmallesttextencoderdecoder

  chalk@5.6.2: {}

  commander@14.0.1: {}

  fastestsmallesttextencoderdecoder@1.0.22: {}

  typescript@5.9.3: {}
